
Microsoft Visual Studio Solution File, Format Version 12.00
# Visual Studio 15
VisualStudioVersion = 15.0.27703.2047
MinimumVisualStudioVersion = 10.0.40219.1
Project("{FAE04EC0-301F-11D3-BF4B-00C04F79EFBC}") = "africaconnect", "africaconnect\africaconnect.csproj", "{97A59157-745C-48AD-9420-B6BC7BC68B96}"
EndProject
Global
	GlobalSection(SolutionConfigurationPlatforms) = preSolution
		Debug|Any CPU = Debug|Any CPU
		Release|Any CPU = Release|Any CPU
	EndGlobalSection
	GlobalSection(ProjectConfigurationPlatforms) = postSolution
		{97A59157-745C-48AD-9420-B6BC7BC68B96}.Debug|Any CPU.ActiveCfg = Debug|Any CPU
		{97A59157-745C-48AD-9420-B6BC7BC68B96}.Debug|Any CPU.Build.0 = Debug|Any CPU
		{97A59157-745C-48AD-9420-B6BC7BC68B96}.Release|Any CPU.ActiveCfg = Release|Any CPU
		{97A59157-745C-48AD-9420-B6BC7BC68B96}.Release|Any CPU.Build.0 = Release|Any CPU
	EndGlobalSection
	GlobalSection(SolutionProperties) = preSolution
		HideSolutionNode = FALSE
	EndGlobalSection
	GlobalSection(ExtensibilityGlobals) = postSolution
		SolutionGuid = {42397BA1-A10B-4238-BF64-79F85A7AE414}
	EndGlobalSection
EndGlobal
